{
    "_meta": {
        "hash": {
            "sha256": "07a289534d2233e76e1108d550dfb78aa27809d29e43f9a03444dfdad522f067"
        },
        "pipfile-spec": 6,
        "requires": {
            "python_version": "3.10"
        },
        "sources": [
            {
                "name": "pypi",
                "url": "https://pypi.org/simple",
                "verify_ssl": true
            }
        ]
    },
    "default": {
        "attrs": {
            "hashes": [
                "sha256:29adc2665447e5191d0e7c568fde78b21f9672d344281d0c6e1ab085429b22b6",
                "sha256:86efa402f67bf2df34f51a335487cf46b1ec130d02b8d39fd248abfd30da551c"
            ],
            "markers": "python_version >= '3.5'",
            "version": "==22.1.0"
        },
        "cramjam": {
            "hashes": [
                "sha256:00588e0140befb274761905aea2b1692675b4d616ceca6d13c871f4703cf1a50",
                "sha256:0263a818c35731c40ac930dee9fdb4fbb7b999543bc831fa36fdefb8f647f6e9",
                "sha256:09945176c09570ee1b536a0c8986708faec34ef3c3856fd30d6b8441cb01cc13",
                "sha256:170dd5eb1424ce6f10d0605e20e68dfba533be2d843115d000f6cc716ef5d9bb",
                "sha256:1881c6959cfa3e806f2679a460443fd138a30569f17ab3f97e2470770292bd43",
                "sha256:1993ae4aa69424f9a898cbe66a1f7e59eb8b1d7ee19eca74226c81cc81014004",
                "sha256:21806476ef4fe23b38b3452d4c618690ff5af548bea26c6c44a626e315c4f023",
                "sha256:28d975d59dd8babb68ad08c9e1274e5e933e5fa2a11babe78b7c2effda57518d",
                "sha256:2afd306d8e905aa9267b3b23fd1bd9dd572aea2ea20c05c04c0899446f014328",
                "sha256:2e5cbad4208232c13cba1c6d8fb33e89fed962052a4096d3637a99477d1fca94",
                "sha256:33b1bde39db56b9828987d7f31e2dd6b55d1ec756cab70e8c7c1118161fff9f4",
                "sha256:362e55d89af7289a127fba3fdba2d29c71348260b26e013395d2f04e6690983e",
                "sha256:39013a0ed2e99fe3bd0568cf53ad30af16b4a6f10f7e43ab66a48b1f3534a723",
                "sha256:41eff78c8c5cbd1db03c27891cf931c33fe3cfef640e94ea20b953f460ea46d0",
                "sha256:4b4159bffa4ea57cc4583c8842174e405443c9459e0ea136819d02d23f0914af",
                "sha256:50e075eb8e1ee741b87560384bb06e5fbc8a5cab4d9c752e3dac6533fd8d748c",
                "sha256:52f5dd82818975858d79893d578a10b70b15cdf610b9d2dd43bb6db4b57bf19c",
                "sha256:5408e934b68b4008261fd187938210c2cfc0367c8cd6cf7d7a40e499785dfb44",
                "sha256:5ff9b410fcc79abca2cb789e933bb94ec05c39564044272a2d8e82dd86188e90",
                "sha256:600d753b4f4e7dcc27eb39006fbf762cf35f22ea8de5769df1b549a6172a2976",
                "sha256:6256654cccb7002dfc583d4d428cc4618771d5db2c51a313c330d35a8c3a8952",
                "sha256:690059dfdb502dfc1b05550a03a80a3fc0459092f8df983b1f8544657d4c1b9c",
                "sha256:6ae248662cbf11a615b5e4114d8d9299f97ecae057d4ae4b2e8b68093883374f",
                "sha256:6e82d689e4294ac10825507b864eff112e42ec71788e85ce2f08025e52b6cec8",
                "sha256:79a1c741c052a35ee256b51201ff5052daf37cbb1271f9ae39ec9a738d6b4f25",
                "sha256:80750e25bc9641813a07169a5f10d1d598177af614b96eab9f3d8b053df65ce4",
                "sha256:87943004513f014d3f289a778defb14e444d75de47beaf875485ef57610828ca",
                "sha256:8d547c829eb64a3ea7063acd9c0272386eade5f08f67be18370d4260dd68c731",
                "sha256:8f2b6b0cb76abf069912d64f52fec27c62f2cc392dddecf3bccd0409758d2677",
                "sha256:91df54924910d0f8245814402aafd7f27b64b7c0fe8f2c5a49fdc3f95a3d6e0d",
                "sha256:9219251680a700508c8ba3c959b5385976bae7130b7647fb9e17108e0d56b5be",
                "sha256:9cd655fc0b0c42ffcf4ae28848f697000fb5b188b6e1bfeb6e309d40d569278a",
                "sha256:9dee126fadcc84c17c10f17506bda4416b06a51c2d17e15e0332e1daf6f785c1",
                "sha256:9dfd967a04a052158296e5d06d9f5705f3bfb86047cf0aa8226ebbea36a578cc",
                "sha256:9ef373425ea1e60386152f4a6bce9ae817e376ffebe43f4fd566ca52ed76d15b",
                "sha256:a03669c2baa037b9b8cec04d1df1ab6f212a060ee133dc3f22aba4334dadd93e",
                "sha256:a92c0c2db4c6a3804eaffa253c7ca49f849e7a893a31c902a8123d7c36b2b487",
                "sha256:afd50c4c0f48f70894e51bee72b0fc63e2ec61bf2ad4880219245ca896739070",
                "sha256:b3713b1d85f09e58eb4da2116332347c0a63ec810e03fb9a193c2429773efbe9",
                "sha256:b6091c809f00f4574fc7f1f2c3d987f007f944fb00ff6b91b42a4e8f2343a461",
                "sha256:b7dec7be6dff881aa1337fddaad5a21236210e5b21d6c02be62b099b590de0a3",
                "sha256:b8da0dc25f915b5ba359138c6145737afdf0d08a7c2aa149b172641cab69ed2c",
                "sha256:babe24f35aef198293bed82ac6406890ab64405be3ec3612f3505e4125e997a2",
                "sha256:bcd83b96dbf21e48ba006a8bf0d86f6e9392e578742d7478c2066d562ad8a2b6",
                "sha256:c36693f70e1b9fd54e471f55f6cc5a9c9746393ef5053c2c2ebdd652e538188e",
                "sha256:c497663cb5c2968ffc0131d513788b27e0b7b267179dce0a7bfa998942e72a41",
                "sha256:c4d1b69a83ea673cd322d78078a9aff0dacea56f282a9699c5169393d7e1e83d",
                "sha256:c5ee90f2fec4cde3467c2f3e64949f26e50074a093f6ff0fe625f0c1a16f729e",
                "sha256:c621cfe107ff81b75d16a1680ef5e768580636dd0539e3ca96e592b7f67eab97",
                "sha256:cef535b9f428057f56cbf47b8a669ecd94fdbfda6faf59585ca4f826b09c89c7",
                "sha256:cf7c72736996b624ccb9396cf98b611a4e462f431eb5a2acd4ded16f46b99b5e",
                "sha256:cf98053f331ea57c4277a163cdbbf471b1ea1153103a0ffd0c61706770e80d37",
                "sha256:d8ad518216d198b01da68316607fdeeec44781ba3c5b35d03138957b05064ed0",
                "sha256:da0d33e8b678f810e268ac0099fb396863baa6429c07dff1c1d1fbda1b9ae6ea",
                "sha256:db6d9a2f4fd86b8480388f07e8cc18bdb09c4574a5f823e786bbead2b39c5791",
                "sha256:df76f686f779396f5cada703cd0ab2b5bed16d3d83741ab82bb6b428cf537361",
                "sha256:e325789d668e9c77704dd2aa94111e6bcd164a097ca3301b57b5ff252342809f",
                "sha256:f3c15dd9f14223c1c0851db5414f2066b28d5691b6700165761c9588890cd9c7",
                "sha256:f478ef311c46bd34315df24e64b0d02452ae4f84386378aa52220a5d7c24d673",
                "sha256:f4f7457e35620832bc24f1192fd8f4b0dbbe1971f07bbe3ee6302b8d1cb53a08",
                "sha256:f6ca9bbd6b05b213936b8f6363c8b9920ed5e437f6dd700664fe8f8ed9dce657",
                "sha256:f71a5204e5f040fb574c12f9e7574f2b65943faa27e5fff08f6f29722d21c460",
                "sha256:fb89e89738a1e1d5b55ef07d96f8367e5c1171e26fe8cef4db78bbc59854d269",
                "sha256:fd37e27786f0d3e939ba24ad23eca90a7bfa8359257dec97c90a60e3dd9a9101"
            ],
            "version": "==2.5.0"
        },
        "fastparquet": {
            "hashes": [
                "sha256:06ff670f6a3f38a8235b7aab881a3c7e6f8cea7bcc8027aea19e6b6d7c3f7606",
                "sha256:0f9859eb90f7c1175406d59cbc7fe663ffbc8fb80673147c2e4a15a662c02e47",
                "sha256:147eab12e0f7ebf4fb8ca0c918503a235f14df9fafff500f90e440f61b6fa9f4",
                "sha256:17412a8827cfd99676b578496afbcf9e8493a712f7aa4745ab42f79274471464",
                "sha256:19b0156d685c7b43b47acc1eea3a8f45e79ee9adefb34082d700478948a86067",
                "sha256:1ec2bb3a2fe08d198b60946c546fcecedbb6a7a2ef7a7bc181950ef1481c3a16",
                "sha256:1f4cd5dd8f71d1e3b066d956ca98f661dcab48c619ae07d7bae640b5aced14fe",
                "sha256:2f9e1bdc8ee867636bc8951f7186e20776da3628cafcf9fb75121c90feb4c5c5",
                "sha256:454e8ec51f36ffae6e3d7814197c44db6e88ce281d2efba22ed516958a422c7e",
                "sha256:462515fc80a2b2f82a7fca50ae2c5b7f4681603029aa253fc2515ed8f5056392",
                "sha256:49264ce3243dc7e61e379eeb7bfd82167be034e4b913748e45d96d4e27f5cb6e",
                "sha256:524d23b2cdf1ab6899059e6db475d71b8c0b5c5602cae87276d7b80fa7a49145",
                "sha256:6cac2266b8255145e16ae236bac7bde3b20c702641f1f883945d3425b55070f9",
                "sha256:7475ed2ee51362ec25214919dbd6f04c387e88b7ad376c5b94470c9d53b20831",
                "sha256:77de53bece91da87f91b763092b8cba326bcb78aee23f437700733d294ea784d",
                "sha256:7acd59b711ea4b49144cb66d819a5fde075dff0e4d1a14f7aae6e168624979fc",
                "sha256:7b4c7430bd648d91d5854445c840ff9bfd02931939122eddd063cc4a5ee3588b",
                "sha256:9c9cbecc9b0333055fa4480568b994263d63f3e0b37cbd2ff11b8f3624e34d26",
                "sha256:a50e2e1e6240487bb1b6d1b98df43245a984b4ebd46f64e1b89fe723627049b8",
                "sha256:b41378b4c5d8a98b4255b08d9e37f6da0e7a932f42ecfb355858e7df628d0864",
                "sha256:b7e0d225992722cd7364b0f6e1ad791e2ce8371847c17ba5a42f531e7b646ef6",
                "sha256:be5beaffe4db11e6b09d413c97b0799b7ad6be71ca86ec32c7648f3f72033adf",
                "sha256:cccba055f227def3052e3a914be02ca8cd8236867abf6ad5a93689348881caa0",
                "sha256:d0d724c56676ba8d1dee4a09a4bac09e7f4ae5a466c5e4b48375980e7dfa1257",
                "sha256:dac03723fd147805f703dd269831d97554dc9f712f99ece48cd22919d320e9d9",
                "sha256:e126a5dfe304689af9c69708f908a9c5312cb55edf64198b3f7dd9110037fd6f"
            ],
            "index": "pypi",
            "version": "==0.8.3"
        },
        "fsspec": {
            "hashes": [
                "sha256:6374804a2c0d24f225a67d009ee1eabb4046ad00c793c3f6df97e426c890a1d9",
                "sha256:7f12b90964a98a7e921d27fb36be536ea036b73bf3b724ac0b0bd7b8e39c7c18"
            ],
            "markers": "python_version >= '3.7'",
            "version": "==2022.8.2"
        },
        "fuzzywuzzy": {
            "hashes": [
                "sha256:45016e92264780e58972dca1b3d939ac864b78437422beecebb3095f8efd00e8",
                "sha256:928244b28db720d1e0ee7587acf660ea49d7e4c632569cad4f1cd7e68a5f0993"
            ],
            "index": "pypi",
            "version": "==0.18.0"
        },
        "iniconfig": {
            "hashes": [
                "sha256:011e24c64b7f47f6ebd835bb12a743f2fbe9a26d4cecaa7f53bc4f35ee9da8b3",
                "sha256:bc3af051d7d14b2ee5ef9969666def0cd1a000e121eaea580d4a313df4b37f32"
            ],
            "version": "==1.1.1"
        },
        "jinja2": {
            "hashes": [
                "sha256:31351a702a408a9e7595a8fc6150fc3f43bb6bf7e319770cbc0db9df9437e852",
                "sha256:6088930bfe239f0e6710546ab9c19c9ef35e29792895fed6e6e31a023a182a61"
            ],
            "markers": "python_version >= '3.7'",
            "version": "==3.1.2"
        },
        "levenshtein": {
            "hashes": [
                "sha256:02f3914af0d1d45764e981a4c0637cc747b73e482250d251c4f268c969d54bce",
                "sha256:03fe04ce29cf85b62a4cd03a1fff327ba30b440342f0698884bc98c2382c80ab",
                "sha256:047b65c59356e59a9f1d90350f057ec2ad17c5bbb25bd18cefdec7318e7a881c",
                "sha256:04cceb79d9b962c80bfd583ca76364e984c769d8ef47aa56443c4c1d88a16376",
                "sha256:08de9fe0bb8bef7b06502ed914431bf708fe35aa1690a14df64825ad3a67fd0d",
                "sha256:0a7ced0ad7f88105519ce2dcca97b95ee97516e8461657ff825c093dc680b8fa",
                "sha256:0ab47e8c409afd83d4d21ecab0e81bd05930bac2035936d7b670720fa534fa4d",
                "sha256:0ea3c2585385fe3cda86e5720cd8ab8fb6fa40e0161339cc3c0bfc35e2312a7d",
                "sha256:114ec9dffdae87dfbf88f9e0f1b7b9333973bce4af0f0cc71537b1ebf098fe02",
                "sha256:1262330d8a3a358625397269925620d7ded2e1ec531ed49181a84954d5cc9054",
                "sha256:12d210257911b3ab4c0f83c8de537d2ca2489bac12d7ce860b5ae6e9197f742c",
                "sha256:131f8ec69ba6fe1c8a78236d9ffbf3cf68d4125134dfcabc3305df2d791384e8",
                "sha256:1bd77a327200a244f5179fcb3f7674a1588cbf95da0368265d50fc70942c3ec6",
                "sha256:1d0388fc101e51f19512d1c204202a96d7e069489369ba2ffc31596065156ccf",
                "sha256:1e4bcd812105890bfda1809d096472fec223da9145aff7f508eb2bc770ca3e00",
                "sha256:1f5563a21096bee6fadd714e175f6b4f1f06747f8e3aea09f2f747889df11f54",
                "sha256:20530b025d5d5b118aac1a239011ce8387242547966438c4744f8a25efe1bfa6",
                "sha256:22fb529ee55983ef3c46b11771d3d84f58ce3216deaceb303b18b290eae66608",
                "sha256:28a237c01b9d5fa2120ee4606e1ca3a989f55b67698458b76a793c1a48671887",
                "sha256:2a71354c2da18cd117a88d1bc983bf6287abc465ccd5357360091c1d4726161b",
                "sha256:2db844b990c2160d42dc6ed1765e9de68a319bd67d1bcbbf8f71a7a6be013c40",
                "sha256:329621ab7581d6fc806b60d1fe88e48a4f568d44a2406954cf6fdb3344e83d2e",
                "sha256:3313708237df9efd58092915fef3ee222585c02a12051f06616566db0999559f",
                "sha256:350986411597c90cc257010fcb451261716d0814ca1cb6882f2cc303a17cf61e",
                "sha256:3938b80bb38a5370d34659e4e16f2be7750854ab4f2b524e7a534b610b93ae91",
                "sha256:393a9cf2f2c0f79e1575e9a1ff0cb460337b2bdc7f56b068237d4f1a269e03e6",
                "sha256:3a42be69b137494f26219674d38ca3801e5db2fe60de02c332f19d6597729544",
                "sha256:3ac5f8f9a1ed671b126975b28bd0696d033c701fd24ebaf18c2a4af38b7db183",
                "sha256:3ba113b254cb22406199a72592fa14acb9713128cedaa6156153fe8cf66d7417",
                "sha256:3d4f8f746521aa6f9d1d1bfacbf6087449cb8946139f5ce50e7a070db96554b3",
                "sha256:3f6fe03aaceca011d151b462084b37f3001f6279cce04537319876e432d586f1",
                "sha256:41637188b8d14fb75140ca4d569c7c2de10f025ba89960753766b1c253dc6f79",
                "sha256:448cc450e540da6650100a462dc5acb3e6972de82d102ee94015d3ab47071dbc",
                "sha256:46d809ff965a285b3890ed65aaf84f75876cb5d568ccbe6f1f58a1a3a44c4b94",
                "sha256:46df6d133d089b22a5ff53e542851631a09e69a022f3822c62f9dfe0e558c8b9",
                "sha256:487aeea9781651a941f32107720691e2cdc6ec51ef4a97a9e2ea793b0ef66a80",
                "sha256:4c238565d5a1321167cbb7b5e818bd07fef56b46896c0a05a9a3c5db0d3b5bcd",
                "sha256:4ccf312f7ed82581713ffa502420dc8715ee908325a8ba3e53490c5da578720c",
                "sha256:4e33686827f82549c100cdb70b9a301e1dd77593770dd7a2f9c9775b39d779cc",
                "sha256:4fae096efc700ae2d5269dae1d008b6c841f9044f1090c475ab4994ba19d5cfc",
                "sha256:5086b1504e715647fa608d6dc6b801a273d14e68a52d1c48a55feab125f1a065",
                "sha256:5494d247cd6df5fc4c4115cdb4254ba1530c0d4b67e9a228b401938eed8565ac",
                "sha256:5707da68092852ed75e01c302eaa161b8dbf04c06cb78e574c5142ecdf26f358",
                "sha256:59985cfa7f655c97ad29f6c6f10e2d052a90809eda79fe9504107cdaccee3448",
                "sha256:5ff9c64d53c551cba31617510600907b85c706457138e2b4770bb8cea722c0d3",
                "sha256:6050dbc9dcaeb389099c7ab153296237e9f0ee89705b96a7d5b936c96a0fab04",
                "sha256:6097021b35ff52e86a4a476acea7c0efd71a9483b9cfc6b15b0d4c1f8e2f1fd7",
                "sha256:63950d0ba16d1f89a8edbdebf2b82bcc5e724e813f0c0f4c7f109b823fecbf87",
                "sha256:6771d2930dea96be6f6dc60bdd21db77b4dea2f8bd09752c013b1f6241c7e112",
                "sha256:6812683714b3f8c7048e7c441b20cc4ef6213a2335486d555e4217f0726c7b55",
                "sha256:698e05518bf193de0b76388f2136889840f28effb34768ca4a763523e6ee9245",
                "sha256:69ab30ac5fb24f943416884b7cd88515e5cdfe875d25cfd4edea04ba6a6f8c81",
                "sha256:752b752c0d40497a6702533a57c2739defe94765b563eddc7a929d8d3e1a471b",
                "sha256:76899f5b699e32c49475231e90ea8cea61321a4462dc44bd10c1805ce45b0376",
                "sha256:778d7d81d4233f26bf53ea27fed6f2af10216d2e81706c5e952461c454a264dc",
                "sha256:7a9900ef63b202746210f2ba86706accc4d86c6a47ad0cd0a229b8800230ec94",
                "sha256:7a9fe7e7471c40043ca9d8a85d2966f6375b0d42735a42266f9eb4e3afdcc33e",
                "sha256:8667e1d9faae729d39c409c649f6b83244eb88690e362f78461ec20d52afc7a1",
                "sha256:89c96e1ba5ae1ddec0655589e343c09826d4ea4118deb4b4173f6f971999dee8",
                "sha256:8c162c5e145a2975e45e77b60e2b3340252df49507153def80064a10696b513a",
                "sha256:8c49d65d207338b8dfe6cd0b788c7f86d5c61dd7c027c155ba3db4ca0a4ad948",
                "sha256:8d9612112fa5311a38625c6f61d28ea2ae48a12d739ffef12bbfc42c0c2a2dde",
                "sha256:8f0c58dd702928aedc0072fcb43dd235f84cebccc689064cdf2f935b6a154d4b",
                "sha256:8fb2eec707276804abe731e918fffc127fb43ba7497741bf274ef5bdb5c077e8",
                "sha256:900135e33d9260ab929cd8f5a88e4a2458eef7b34a87aa386d6c39d05923bb9d",
                "sha256:911d5f61fcd56ac7c6bfc4568fdf2c4c1c3a9e2a8976a3274166a03e35249e28",
                "sha256:917ad33e2b4968e28bf780033a188736a99946a9d91df1be8eae60256c82ace6",
                "sha256:91e92044bcb6e7d4860336cac197f487ecbc433bea443e2e0e90a8dc692ca16c",
                "sha256:964cc82002c91b3acc25b9b77da7981885e273a6cd601c1f15e732aa1ac744be",
                "sha256:97db0360c94674657217b0e0bd83cae85a820ae91030729869c3f955a7b056f1",
                "sha256:98165faf913868f66afaa2f3293ad69bef36308e8a75480a0567bc35738c4cc3",
                "sha256:9b5aec9e01f4c9b528d96320fdf560398ecd6f6aa65476390e5b8dc7e2cb701c",
                "sha256:9e576b4f9670412c7cac8eefa1a969aecb3d1879bf6daca2560244cf795563ca",
                "sha256:a2c2fa250e7acef8712d842c1e5ac765da7f12084813867f168ea83b4bd5cda2",
                "sha256:a341e0200a34603ee81deb124de597e6c723d67171ca058966945bd68d77a6d1",
                "sha256:a5836dfc928e197f53126d1ee89f5b73f194218a28c3aaf7ec0d8e1ba886f147",
                "sha256:a608474e07b28adf954850a2be7d1ee25572d6dc90d1323bc0932dc9b807ffdd",
                "sha256:a8e700f49d6174c06637cab489cc593c13223181e2c00bbec8de782140743144",
                "sha256:ab7cd8a404a086b30c671c78377a0806dc113e676a4af80c85323f0bb2f85300",
                "sha256:ade4d7954a18560529aa1bc0930b0dfff5a3fe5e6772a3a0810307c09d61af31",
                "sha256:b30fc99e69971b91ae80c37b87c4e66dcb82d968bfe3a59b37bcae0f7a58bd49",
                "sha256:b9c1bab76af86908aa1115b7b8fa5e65ebf0d0adc7d9fc8e27a3bc8a14dc6202",
                "sha256:bc60251893baa93f3c4b292764b17b8ca6fbb50972de9f7fcc248634aea2fade",
                "sha256:bdbb7da34e9445915fd4ddcd53a360655d3f472b4bfa52b662b2f938573d53ab",
                "sha256:c704216ffd31b5eec26cd998117fd24d33c65f8b5930faf200257670bd3ff1f3",
                "sha256:c709f4b02492c28936bca9e2f99a554f7fb527bdd76f2b17ffb4fd0b0107d807",
                "sha256:c817ec812a21a7d3fa7b772aa56704a4cf4d8f79453600c4e30b2a4a163a1f85",
                "sha256:c9424f15818595de1cf6f7f9ec4e01848d6ff8335aaaed3aee4836c2a4776312",
                "sha256:cb769206eeb69df28de4eb4a38480ff07dc7ef236a8ed6784908d45db7b1946b",
                "sha256:cc5cfce70b40e4ccbcadbeac3fc10c14db18766822c9d671f6d9cbc7c6dd031c",
                "sha256:d21b6f1710125cccc5d5c7be4fa9d06007538ab4af1fab5c0028e286fb99447a",
                "sha256:d30acdacb94cd6da75569ce9b5c22bb04dec35e4411e4b483f2d683d0d4c8cd3",
                "sha256:d400e56a203fcfd9275b11e08114b5dc17925ad58fff84a9ac4ec37a6a611ad4",
                "sha256:d7e24f5729d4d09e50a9594633a600e51f1423aa685706ca87b054cb2f220df3",
                "sha256:d9b7b622bc7e47854ea660683d4722e6057a5a07176f38c54ce5da8ea7b53741",
                "sha256:dbe04ea4a9aa1d4210bf1e8968f94695acad72ef02626c1cfdef9a4539560788",
                "sha256:dc5abb94be9f670e06622531042c5d3f1c1fd338c872ed2b2c9a164bdbfdf75a",
                "sha256:def88ea5e95c202f89a60809c0ba13919f9e91ac6e94d8fa0cfcc6e13169fbd8",
                "sha256:e3c18a6e8ce823ac113f3e69c220bb5137ad60eff4ffe01c56d42dc8fc0bffa0",
                "sha256:ed3f4f39d219b7f304aec0b28a95c273111b69ffcb5b87d61b1fb3601dd964f9",
                "sha256:edbb829d5b7864385fbdeca8c0b221249a9fcc4b852d0d4f92db60f93251dc9a",
                "sha256:ee9f9736fcaec21d182fb2fc359c8ce4c92e606b0f2b60c8c02aac8e2b345666"
            ],
            "markers": "python_version >= '3.6'",
            "version": "==0.20.5"
        },
        "markupsafe": {
            "hashes": [
                "sha256:0212a68688482dc52b2d45013df70d169f542b7394fc744c02a57374a4207003",
                "sha256:089cf3dbf0cd6c100f02945abeb18484bd1ee57a079aefd52cffd17fba910b88",
                "sha256:10c1bfff05d95783da83491be968e8fe789263689c02724e0c691933c52994f5",
                "sha256:33b74d289bd2f5e527beadcaa3f401e0df0a89927c1559c8566c066fa4248ab7",
                "sha256:3799351e2336dc91ea70b034983ee71cf2f9533cdff7c14c90ea126bfd95d65a",
                "sha256:3ce11ee3f23f79dbd06fb3d63e2f6af7b12db1d46932fe7bd8afa259a5996603",
                "sha256:421be9fbf0ffe9ffd7a378aafebbf6f4602d564d34be190fc19a193232fd12b1",
                "sha256:43093fb83d8343aac0b1baa75516da6092f58f41200907ef92448ecab8825135",
                "sha256:46d00d6cfecdde84d40e572d63735ef81423ad31184100411e6e3388d405e247",
                "sha256:4a33dea2b688b3190ee12bd7cfa29d39c9ed176bda40bfa11099a3ce5d3a7ac6",
                "sha256:4b9fe39a2ccc108a4accc2676e77da025ce383c108593d65cc909add5c3bd601",
                "sha256:56442863ed2b06d19c37f94d999035e15ee982988920e12a5b4ba29b62ad1f77",
                "sha256:671cd1187ed5e62818414afe79ed29da836dde67166a9fac6d435873c44fdd02",
                "sha256:694deca8d702d5db21ec83983ce0bb4b26a578e71fbdbd4fdcd387daa90e4d5e",
                "sha256:6a074d34ee7a5ce3effbc526b7083ec9731bb3cbf921bbe1d3005d4d2bdb3a63",
                "sha256:6d0072fea50feec76a4c418096652f2c3238eaa014b2f94aeb1d56a66b41403f",
                "sha256:6fbf47b5d3728c6aea2abb0589b5d30459e369baa772e0f37a0320185e87c980",
                "sha256:7f91197cc9e48f989d12e4e6fbc46495c446636dfc81b9ccf50bb0ec74b91d4b",
                "sha256:86b1f75c4e7c2ac2ccdaec2b9022845dbb81880ca318bb7a0a01fbf7813e3812",
                "sha256:8dc1c72a69aa7e082593c4a203dcf94ddb74bb5c8a731e4e1eb68d031e8498ff",
                "sha256:8e3dcf21f367459434c18e71b2a9532d96547aef8a871872a5bd69a715c15f96",
                "sha256:8e576a51ad59e4bfaac456023a78f6b5e6e7651dcd383bcc3e18d06f9b55d6d1",
                "sha256:96e37a3dc86e80bf81758c152fe66dbf60ed5eca3d26305edf01892257049925",
                "sha256:97a68e6ada378df82bc9f16b800ab77cbf4b2fada0081794318520138c088e4a",
                "sha256:99a2a507ed3ac881b975a2976d59f38c19386d128e7a9a18b7df6fff1fd4c1d6",
                "sha256:a49907dd8420c5685cfa064a1335b6754b74541bbb3706c259c02ed65b644b3e",
                "sha256:b09bf97215625a311f669476f44b8b318b075847b49316d3e28c08e41a7a573f",
                "sha256:b7bd98b796e2b6553da7225aeb61f447f80a1ca64f41d83612e6139ca5213aa4",
                "sha256:b87db4360013327109564f0e591bd2a3b318547bcef31b468a92ee504d07ae4f",
                "sha256:bcb3ed405ed3222f9904899563d6fc492ff75cce56cba05e32eff40e6acbeaa3",
                "sha256:d4306c36ca495956b6d568d276ac11fdd9c30a36f1b6eb928070dc5360b22e1c",
                "sha256:d5ee4f386140395a2c818d149221149c54849dfcfcb9f1debfe07a8b8bd63f9a",
                "sha256:dda30ba7e87fbbb7eab1ec9f58678558fd9a6b8b853530e176eabd064da81417",
                "sha256:e04e26803c9c3851c931eac40c695602c6295b8d432cbe78609649ad9bd2da8a",
                "sha256:e1c0b87e09fa55a220f058d1d49d3fb8df88fbfab58558f1198e08c1e1de842a",
                "sha256:e72591e9ecd94d7feb70c1cbd7be7b3ebea3f548870aa91e2732960fa4d57a37",
                "sha256:e8c843bbcda3a2f1e3c2ab25913c80a3c5376cd00c6e8c4a86a89a28c8dc5452",
                "sha256:efc1913fd2ca4f334418481c7e595c00aad186563bbc1ec76067848c7ca0a933",
                "sha256:f121a1420d4e173a5d96e47e9a0c0dcff965afdf1626d28de1460815f7c4ee7a",
                "sha256:fc7b548b17d238737688817ab67deebb30e8073c95749d55538ed473130ec0c7"
            ],
            "markers": "python_version >= '3.7'",
            "version": "==2.1.1"
        },
        "numpy": {
            "hashes": [
                "sha256:004f0efcb2fe1c0bd6ae1fcfc69cc8b6bf2407e0f18be308612007a0762b4089",
                "sha256:09f6b7bdffe57fc61d869a22f506049825d707b288039d30f26a0d0d8ea05164",
                "sha256:0ea3f98a0ffce3f8f57675eb9119f3f4edb81888b6874bc1953f91e0b1d4f440",
                "sha256:17c0e467ade9bda685d5ac7f5fa729d8d3e76b23195471adae2d6a6941bd2c18",
                "sha256:1f27b5322ac4067e67c8f9378b41c746d8feac8bdd0e0ffede5324667b8a075c",
                "sha256:22d43376ee0acd547f3149b9ec12eec2f0ca4a6ab2f61753c5b29bb3e795ac4d",
                "sha256:2ad3ec9a748a8943e6eb4358201f7e1c12ede35f510b1a2221b70af4bb64295c",
                "sha256:301c00cf5e60e08e04d842fc47df641d4a181e651c7135c50dc2762ffe293dbd",
                "sha256:39a664e3d26ea854211867d20ebcc8023257c1800ae89773cbba9f9e97bae036",
                "sha256:51bf49c0cd1d52be0a240aa66f3458afc4b95d8993d2d04f0d91fa60c10af6cd",
                "sha256:78a63d2df1d947bd9d1b11d35564c2f9e4b57898aae4626638056ec1a231c40c",
                "sha256:7cd1328e5bdf0dee621912f5833648e2daca72e3839ec1d6695e91089625f0b4",
                "sha256:8355fc10fd33a5a70981a5b8a0de51d10af3688d7a9e4a34fcc8fa0d7467bb7f",
                "sha256:8c79d7cf86d049d0c5089231a5bcd31edb03555bd93d81a16870aa98c6cfb79d",
                "sha256:91b8d6768a75247026e951dce3b2aac79dc7e78622fc148329135ba189813584",
                "sha256:94c15ca4e52671a59219146ff584488907b1f9b3fc232622b47e2cf832e94fb8",
                "sha256:98dcbc02e39b1658dc4b4508442a560fe3ca5ca0d989f0df062534e5ca3a5c1a",
                "sha256:a64403f634e5ffdcd85e0b12c08f04b3080d3e840aef118721021f9b48fc1460",
                "sha256:bc6e8da415f359b578b00bcfb1d08411c96e9a97f9e6c7adada554a0812a6cc6",
                "sha256:bdc9febce3e68b697d931941b263c59e0c74e8f18861f4064c1f712562903411",
                "sha256:c1ba66c48b19cc9c2975c0d354f24058888cdc674bebadceb3cdc9ec403fb5d1",
                "sha256:c9f707b5bb73bf277d812ded9896f9512a43edff72712f31667d0a8c2f8e71ee",
                "sha256:d5422d6a1ea9b15577a9432e26608c73a78faf0b9039437b075cf322c92e98e7",
                "sha256:e5d5420053bbb3dd64c30e58f9363d7a9c27444c3648e61460c1237f9ec3fa14",
                "sha256:e868b0389c5ccfc092031a861d4e158ea164d8b7fdbb10e3b5689b4fc6498df6",
                "sha256:efd9d3abe5774404becdb0748178b48a218f1d8c44e0375475732211ea47c67e",
                "sha256:f8c02ec3c4c4fcb718fdf89a6c6f709b14949408e8cf2a2be5bfa9c49548fd85",
                "sha256:ffcf105ecdd9396e05a8e58e81faaaf34d3f9875f137c7372450baa5d77c9a54"
            ],
            "index": "pypi",
            "version": "==1.23.3"
        },
        "packaging": {
            "hashes": [
                "sha256:dd47c42927d89ab911e606518907cc2d3a1f38bbd026385970643f9c5b8ecfeb",
                "sha256:ef103e05f519cdc783ae24ea4e2e0f508a9c99b2d4969652eed6a2e1ea5bd522"
            ],
            "markers": "python_version >= '3.6'",
            "version": "==21.3"
        },
        "pandas": {
            "hashes": [
                "sha256:0d8d7433d19bfa33f11c92ad9997f15a902bda4f5ad3a4814a21d2e910894484",
                "sha256:1642fc6138b4e45d57a12c1b464a01a6d868c0148996af23f72dde8d12486bbc",
                "sha256:171cef540bfcec52257077816a4dbbac152acdb8236ba11d3196ae02bf0959d8",
                "sha256:1b82ccc7b093e0a93f8dffd97a542646a3e026817140e2c01266aaef5fdde11b",
                "sha256:1d34b1f43d9e3f4aea056ba251f6e9b143055ebe101ed04c847b41bb0bb4a989",
                "sha256:207d63ac851e60ec57458814613ef4b3b6a5e9f0b33c57623ba2bf8126c311f8",
                "sha256:2504c032f221ef9e4a289f5e46a42b76f5e087ecb67d62e342ccbba95a32a488",
                "sha256:33a9d9e21ab2d91e2ab6e83598419ea6a664efd4c639606b299aae8097c1c94f",
                "sha256:3ee61b881d2f64dd90c356eb4a4a4de75376586cd3c9341c6c0fcaae18d52977",
                "sha256:41aec9f87455306496d4486df07c1b98c15569c714be2dd552a6124cd9fda88f",
                "sha256:4e30a31039574d96f3d683df34ccb50bb435426ad65793e42a613786901f6761",
                "sha256:5cc47f2ebaa20ef96ae72ee082f9e101b3dfbf74f0e62c7a12c0b075a683f03c",
                "sha256:62e61003411382e20d7c2aec1ee8d7c86c8b9cf46290993dd8a0a3be44daeb38",
                "sha256:73844e247a7b7dac2daa9df7339ecf1fcf1dfb8cbfd11e3ffe9819ae6c31c515",
                "sha256:85a516a7f6723ca1528f03f7851fa8d0360d1d6121cf15128b290cf79b8a7f6a",
                "sha256:86d87279ebc5bc20848b4ceb619073490037323f80f515e0ec891c80abad958a",
                "sha256:8a4fc04838615bf0a8d3a03ed68197f358054f0df61f390bcc64fbe39e3d71ec",
                "sha256:8e8e5edf97d8793f51d258c07c629bd49d271d536ce15d66ac00ceda5c150eb3",
                "sha256:947ed9f896ee61adbe61829a7ae1ade493c5a28c66366ec1de85c0642009faac",
                "sha256:a68a9b9754efff364b0c5ee5b0f18e15ca640c01afe605d12ba8b239ca304d6b",
                "sha256:c76f1d104844c5360c21d2ef0e1a8b2ccf8b8ebb40788475e255b9462e32b2be",
                "sha256:c7f38d91f21937fe2bec9449570d7bf36ad7136227ef43b321194ec249e2149d",
                "sha256:de34636e2dc04e8ac2136a8d3c2051fd56ebe9fd6cd185581259330649e73ca9",
                "sha256:e178ce2d7e3b934cf8d01dc2d48d04d67cb0abfaffdcc8aa6271fd5a436f39c8",
                "sha256:e252a9e49b233ff96e2815c67c29702ac3a062098d80a170c506dff3470fd060",
                "sha256:e9c5049333c5bebf993033f4bf807d163e30e8fada06e1da7fa9db86e2392009",
                "sha256:fc987f7717e53d372f586323fff441263204128a1ead053c1b98d7288f836ac9"
            ],
            "index": "pypi",
            "version": "==1.5.0"
        },
        "pdoc": {
            "hashes": [
                "sha256:043ab59983ea166ba15c9950eca3683194e5fbc7bbcdd61595f95d18fdc5c05c",
                "sha256:1a4f2ca3f02772941b7b7fe85cb50b9b0c86ed4c2417bcf7d0bd7ad189ae1ba8"
            ],
            "index": "pypi",
            "version": "==12.2.0"
        },
        "pipfile": {
            "hashes": [
                "sha256:f7d9f15de8b660986557eb3cc5391aa1a16207ac41bc378d03f414762d36c984"
            ],
            "index": "pypi",
            "version": "==0.0.2"
        },
        "pluggy": {
            "hashes": [
                "sha256:4224373bacce55f955a878bf9cfa763c1e360858e330072059e10bad68531159",
                "sha256:74134bbf457f031a36d68416e1509f34bd5ccc019f0bcc952c7b909d06b37bd3"
            ],
            "markers": "python_version >= '3.6'",
            "version": "==1.0.0"
        },
        "py": {
            "hashes": [
                "sha256:51c75c4126074b472f746a24399ad32f6053d1b34b68d2fa41e558e6f4a98719",
                "sha256:607c53218732647dff4acdfcd50cb62615cedf612e72d1724fb1a0cc6405b378"
            ],
            "markers": "python_version >= '2.7' and python_version not in '3.0, 3.1, 3.2, 3.3, 3.4'",
            "version": "==1.11.0"
        },
        "pyarrow": {
            "hashes": [
                "sha256:0238998dc692efcb4e41ae74738d7c1234723271ccf520bd8312dca07d49ef8d",
                "sha256:02b820ecd1da02012092c180447de449fc688d0c3f9ff8526ca301cdd60dacd0",
                "sha256:1c5a073a930c632058461547e0bc572da1e724b17b6b9eb31a97da13f50cb6e0",
                "sha256:29eb3e086e2b26202f3a4678316b93cfb15d0e2ba20f3ec12db8fd9cc07cde63",
                "sha256:2c715eca2092273dcccf6f08437371e04d112f9354245ba2fbe6c801879450b7",
                "sha256:2e753f8fcf07d8e3a0efa0c8bd51fef5c90281ffd4c5637c08ce42cd0ac297de",
                "sha256:3eef8a981f45d89de403e81fb83b8119c20824caddf1404274e41a5d66c73806",
                "sha256:4eebdab05afa23d5d5274b24c1cbeb1ba017d67c280f7d39fd8a8f18cbad2ec9",
                "sha256:5526a3bfb404ff6d31d62ea582cf2466c7378a474a99ee04d1a9b05de5264541",
                "sha256:55328348b9139c2b47450d512d716c2248fd58e2f04e2fc23a65e18726666d42",
                "sha256:767cafb14278165ad539a2918c14c1b73cf20689747c21375c38e3fe62884902",
                "sha256:7fa56cbd415cef912677270b8e41baad70cde04c6d8a8336eeb2aba85aa93706",
                "sha256:7fb02bebc13ab55573d1ae9bb5002a6d20ba767bf8569b52fce5301d42495ab7",
                "sha256:81a60bb291a964f63b2717fb1b28f6615ffab7e8585322bfb8a6738e6b321282",
                "sha256:8ad430cee28ebc4d6661fc7315747c7a18ae2a74e67498dcb039e1c762a2fb67",
                "sha256:92f3977e901db1ef5cba30d6cc1d7942b8d94b910c60f89013e8f7bb86a86eef",
                "sha256:9cef618159567d5f62040f2b79b1c7b38e3885f4ffad0ec97cd2d86f88b67cef",
                "sha256:a5b390bdcfb8c5b900ef543f911cdfec63e88524fafbcc15f83767202a4a2491",
                "sha256:d9eb04db626fa24fdfb83c00f76679ca0d98728cdbaa0481b6402bf793a290c0",
                "sha256:da3e0f319509a5881867effd7024099fb06950a0768dad0d6873668bb88cfaba",
                "sha256:f11a645a41ee531c3a5edda45dea07c42267f52571f818d388971d33fc7e2d4a",
                "sha256:f241bd488c2705df930eedfe304ada71191dcf67d6b98ceda0cc934fd2a8388e",
                "sha256:f59bcd5217a3ae1e17870792f82b2ff92df9f3862996e2c78e156c13e56ff62e",
                "sha256:f8c46bde1030d704e2796182286d1c56846552c50a39ad5bf5a20c0d8159fc35",
                "sha256:fc856628acd8d281652c15b6268ec7f27ebcb015abbe99d9baad17f02adc51f1",
                "sha256:fe2ce795fa1d95e4e940fe5661c3c58aee7181c730f65ac5dd8794a77228de59"
            ],
            "index": "pypi",
            "version": "==9.0.0"
        },
        "pygments": {
            "hashes": [
                "sha256:56a8508ae95f98e2b9bdf93a6be5ae3f7d8af858b43e02c5a2ff083726be40c1",
                "sha256:f643f331ab57ba3c9d89212ee4a2dabc6e94f117cf4eefde99a0574720d14c42"
            ],
            "markers": "python_version >= '3.6'",
            "version": "==2.13.0"
        },
        "pyparsing": {
            "hashes": [
                "sha256:2b020ecf7d21b687f219b71ecad3631f644a47f01403fa1d1036b0c6416d70fb",
                "sha256:5026bae9a10eeaefb61dab2f09052b9f4307d44aee4eda64b309723d8d206bbc"
            ],
            "markers": "python_full_version >= '3.6.8'",
            "version": "==3.0.9"
        },
        "pytest": {
            "hashes": [
                "sha256:1377bda3466d70b55e3f5cecfa55bb7cfcf219c7964629b967c37cf0bda818b7",
                "sha256:4f365fec2dff9c1162f834d9f18af1ba13062db0c708bf7b946f8a5c76180c39"
            ],
            "index": "pypi",
            "version": "==7.1.3"
        },
        "python-dateutil": {
            "hashes": [
                "sha256:0123cacc1627ae19ddf3c27a5de5bd67ee4586fbdd6440d9748f8abb483d3e86",
                "sha256:961d03dc3453ebbc59dbdea9e4e11c5651520a876d0f4db161e8674aae935da9"
            ],
            "markers": "python_version >= '2.7' and python_version not in '3.0, 3.1, 3.2'",
            "version": "==2.8.2"
        },
        "python-levenshtein": {
            "hashes": [
                "sha256:114dfa996d5aa91d400dd816210a62523be8c598962aebbf7b086c7fd26fb72d",
                "sha256:f55310dc28bb891428d751299688e0671fa3e0405ddd7561884747d6b1be2e7d"
            ],
            "index": "pypi",
            "version": "==0.20.5"
        },
        "pytz": {
            "hashes": [
                "sha256:2c0784747071402c6e99f0bafdb7da0fa22645f06554c7ae06bf6358897e9c91",
                "sha256:48ce799d83b6f8aab2020e369b627446696619e79645419610b9facd909b3174"
            ],
            "version": "==2022.4"
        },
        "rapidfuzz": {
            "hashes": [
                "sha256:036f904bcac16d726273eee7ec0636978af31d151f30c95b611240e22592ab79",
                "sha256:0429a7a51d1372afaca969ee3170f9975f2fe6e187b485aeef55d3e8d7d934e0",
                "sha256:09de4fd3dbcc73f61b85af006372f48fee7d4324de227702b9da0d2572445d26",
                "sha256:0c8a5e65cab629ca5bb4b1d2b410f8444384b60364ab528508200acfdf9e659d",
                "sha256:0e64ab58b19866ad3df53e651a429871d744f8794cca25c553396b25d679a1ac",
                "sha256:0f09ff49b28e557615a9ad4d5eedbfd5b886fccb3ec35d85dd34c51348c4bf98",
                "sha256:12e14b0c43e3bc0c679ef09bfcbcaf9397534e03b8854c417086779a79e08bb2",
                "sha256:134a467692216e05a8806efe40e3bcae9aa81b9e051b209a4244b639a168c78e",
                "sha256:13ce1019ddce7419502fac43b62ac166d3d6d290b727050e3de5bda79a6beb59",
                "sha256:16a2edf3ea888c9d3582761a2bbaa734e03f6db25d96e73edd4dcef6883897ee",
                "sha256:17ba5fb474515356608cdb8d750f95c12f3e4dc9a0e2c9d7caca3d4cee55048e",
                "sha256:2183fc91971c0853f6170225577d24d81b865d416104b433de53e55a6d2a476a",
                "sha256:24569412e1aac1ac008548cdcd40da771e14467f4bacab9f9abfe5bbb5dfe8be",
                "sha256:254d5a800de54c416fa9b220e442a4861b272c1223139ae3dee0aea1c9f27c9c",
                "sha256:2bc3ec87df5eaad59e6e02e6517047fb268a48866f3531c4b8b59c2c78069fe5",
                "sha256:2d3652804ae17920eaa965b1e057ee0ea32d5bb02f50147c82a1d350a86fc3f1",
                "sha256:30773e23bebe27ddcf7644d6ebb143bf7c9adeb18019a963172174ef522c0831",
                "sha256:3b6573607568438dfc3d4341b0b00d326ac2cf86281df97e7f8c0348e2f89b5e",
                "sha256:3d50a2ca8cd1cea13afd2ff8e052ba49860c64cc3e617398670fd6a8d11e450f",
                "sha256:3f1c030e2d61d77cb14814640618e29cf13e4554340a3baa9191d162a4dfcd9e",
                "sha256:40e8d37d67a6e4713ddb6053eb3007a3ca15eddd23f2e4a5039c39e666c10b3a",
                "sha256:41c9e2acfa25c7667b70913d63887f76e981badc1e95a2878257d28b96f5a10c",
                "sha256:42d18db6f7e1e6ef85a8e673b2fa3352727cc56e60e48e7c9268fe0286ab9f91",
                "sha256:475aacad5d5c4f9ad920b4232cc196d79a1777fe1eada9122103c30154d18af4",
                "sha256:47e163d6a6676be9a3a7e93d5a2c3c65a43c1530b680903ebdba951e07ee7999",
                "sha256:5080ad715e39b8a2d82339cf4170785e9092c7625ec2095ff3590fdb0a532a41",
                "sha256:52639268dffc8900892a5e57964228fb187512b0f249de9a45ba37c6f2bc52a5",
                "sha256:54264d70af59224d6874fcc5828da50d99668055574fe254849cab96f3b80e43",
                "sha256:553e8e3dce321ed33e8b437586e7765d78e6d8fbb236b02768b46e1b2b91b41e",
                "sha256:56aa67bf938e8dcc5e940f183538f09041441f1c4c5a86abe748416950db9d27",
                "sha256:578934d7524f8378175295e6411b737d35d393d91d4661c739daa8ea2b185836",
                "sha256:588dd5f520683af53a9d9d0cabde0987788c0ea9adfda3b058a9c27f448b2b3f",
                "sha256:5aff0ac1723f7c8d751869a51e6b12d703fd6e6153228d68d8773f19bd5bd968",
                "sha256:5e3164736ed071dc743994b9228ead52b63010aba24b1621de81b3ac39d490b9",
                "sha256:5e89f50f5f3be2b851e9714015e1a26c6546e6b42f3df69b86200af8eacf9d8c",
                "sha256:61152fa1e3df04b4e748f09338f36ca32f7953829f4e630d26f7f564f4cb527b",
                "sha256:64133c9f45cb88b508d52427339b796c76e1790300c7ea4d2ed210f224e0698d",
                "sha256:65b8611c9f5385a2986e11e85137cdecf40610e5d5f250d96a9ed32b7e995c4a",
                "sha256:6803ef01f4056d61120e37acba8953e6b3149363e85caaba40ee8d49753fe7bd",
                "sha256:68d46ad148c9cb8be532b5dd7bc246b067e81d4cfabad19b4cb6ac4031cab124",
                "sha256:6b12420d5b769cd7e1478a8085aeea1ad0ffc8f7fedc86c48b8d598e1602f5ad",
                "sha256:705ccd8de2b7b5295c6a230a3919fc9db8da9d2a6347c15c871fcb2202abd237",
                "sha256:7478341137e65a0227fda4f3e39b3d50e6ec7dd4f767077dd435b412c2f2c129",
                "sha256:769cf4099f53507231ba04cbf9ee16bea3c193767efc9bdf5e6c59e67e6b5cea",
                "sha256:7750b950a6987bce114b9f36413399712422f4f49b2ad43f4b4ee3af34968b99",
                "sha256:7c457f779992a0f5527455cdc17c387268ae9f712d4e29d691704c83c6e58c2d",
                "sha256:7dd6a439fb09dc9ba463de3f5c8e20f097225816b33a66380b68c8561a08045c",
                "sha256:804c7c67dc316f77b01b9bef5e75f727b73ff1015ff0514972b59dc05eec4d81",
                "sha256:86038b9777b2aa0ebf8c586b81cba166ccde7e6d744aad576cd98c1a07be4c53",
                "sha256:86c34175830cacac1c16d2182a0f725afbd40042955b7572c8475e3b6a5d8ada",
                "sha256:8a11b70ebb2d7317d69bdb1f692a0eda292a4cddfe9ccb760a8d1a9e763811dd",
                "sha256:8b402e99593483a8b05a09fb2a20379ecaa9b0d1f1cf32957b42134bd3305731",
                "sha256:8b480a78227457a0b65e0b23afbda9c152dee4e1b41ccc058db8c41ea7a82ab0",
                "sha256:8bc00bd6b6407dc7a8eb31964bcc38862c25e7f5f5982f912f265eb3c4d83140",
                "sha256:8d6fa1d009fcb9a9169548c29d65a1f05c0fcf1ac966f40e35035307d6a17050",
                "sha256:9081542fea2baeebda8caa43a54ecd8a152a05ff3271c38ac8eae447377cef54",
                "sha256:931a939ba5e5574f769507038fdf400dbbc46aab2866d4e5e96d83a29f081712",
                "sha256:984d40ecda0bc0109c4239d782dfe87362d02b286548672f8a2468eabbf48a69",
                "sha256:9924497dec6a30b5158ef7cc9c60a87c6c46d9f7b7bb7254d4f157b57b531fb8",
                "sha256:a48ff6b6258a32f50f876a6c74fa2f506c1de3b11773d6bf31b6715255807a48",
                "sha256:a7f5a77466c4701062469bce29358ca0797db2bc6d8f6c3cd4e13f418cca10bc",
                "sha256:a98c63d1f5ec2c15adf5dc81c461c8d88c16395956f4518b78e2e04b3285b1e5",
                "sha256:adc7c6cb3dde5c284d84c7c6f4602b1545ba89c6ebb857b337d0428befb344e5",
                "sha256:b4f577ded3e40695d5e0796e8b7f4fa78577d873627e0d0692f7060ad73af314",
                "sha256:b5c7b0a4929bfd3945d9c2022cff0b683a39accf5594897fa9004cee4f402b06",
                "sha256:b5cd1ea9fa396243d34f7bac5bb5787f89310f13fd2b092d11940c6cd7bd0bd8",
                "sha256:bafd18a27dbe3197e460809468a7c47d9d29d1ebab6a878d5bb5a71fda2056d6",
                "sha256:bd595bd23a4e1c72d5f5ac416ea49b9a3d87e11fb2db4b960378038ce9bb12f7",
                "sha256:bd7a1992e91c90197c34ccc674bd64262262627083c99896b79e2c9f5fe28075",
                "sha256:bd8f36d8bd399c7d695182e467b4428adb940a157014ab605bbe4d0ab0a1976e",
                "sha256:bf5277ff74c9980245697ea227057d0f05b31c96bc73bae2697c1a48d4980e45",
                "sha256:bfabc6130752f4f77584b2ecbba2adf6fe469b06c52cb974ba8304f1f63bb24f",
                "sha256:c10724490b87fcb86161e5ceb17893626d13363e31efee77aa8e251ee16dcdd5",
                "sha256:c1477455b82d6db7336ef769f507a55bba9fe9f1c96dc531d7c2c510630307d6",
                "sha256:c288e239fc3aaae3865e43e1f35b606f92ee687a0801e4d46c45d7849aebbe35",
                "sha256:c305ea5405f8615e6ecd39cb28acc7a362713ba3c17c7737b591b377d1afd9ec",
                "sha256:c77cec595dc80f97a1b32413fb1b618e4da8ba132697e075ad8e4025c4058575",
                "sha256:c822853e9d54979eb5fcf9e54c1f90e5c18eeb399571383ac768cff47d6d6ada",
                "sha256:cad5088f1adb9161f2def653908328cfa1dc9bc57e7e41ccdc9339d31cc576d1",
                "sha256:cc3103e31d27352afe4c5a71702e09185850187d299145d5e98f9fb99a3be498",
                "sha256:ced719fcae6f2a348ac596b67f6d7c26ff3d9d2b7378237953ac5e162d8a4e2e",
                "sha256:d181889218d80f6beb5ae3838bc23e201d2a1fae688baaa40d82ef9080594315",
                "sha256:d1d8192820d8489a8e3ef160cbe38f5ff974db5263c76438cf44e7574743353b",
                "sha256:d24181dfdfcc3d9b37333fea2f5bf9f51e034bd9e0ba67a871f18686b797c739",
                "sha256:d51b9183ebce60d4795ceaef24b8db2df3ed04307ee787d6adafcc196330a47c",
                "sha256:dad6697c6b9e02dd45f73e22646913daad743afd27dadb0b6a430a1573fb4566",
                "sha256:dafe8c6e74fea0fdcfec002bc77aee40b4891b14ea513e6092402609ac8dac00",
                "sha256:dc0f695b32700b14f404cccaebc25eea6db323418385568297995aee8b5278f8",
                "sha256:e2fe220d4b100b00734d9388e33296ac8f585c763548c372ca17b24affa178e0",
                "sha256:e459287f0daaee3ee0108123d7e9a1c1c136e94d4382533a93cb509d54dc1ea3",
                "sha256:ea4107a5cc00a05c92be47047662000296d2ccc7ba93aaa030cd5ecab8d5ffaf",
                "sha256:ea4f0d056a95cfdabde667a1796f9ba5296d2776bce2fd4d4cb5674e0e10671f",
                "sha256:ea5bc5bae1cf447b79be04f05e73b6ea39a5df63374f70cc5d6862337462d4d9",
                "sha256:ecfe2fe942edabcd1553701237710de296d3eb45472f9128662c95da98e9ed43",
                "sha256:eec5ad2f06701e57a2cb483c849704bdf8ea76195918550ab2fc4287970f1c76",
                "sha256:f2f91b867d7eca3b99c25e06e7e3a6f84cd4ccb99f390721670ba956f79167c9",
                "sha256:f5ed8d4e1545f08bd3745cc47742b3689f1a652b00590caeb32caf3297d01e06",
                "sha256:f6e6395404b0239cff7873a18a94839343a44429624f2a70a27b914cc5059580",
                "sha256:f71edc8503d08bc5d35187eb72f13b7ec78647f1c14bb90a758ae795b049f788",
                "sha256:f72d33b0d76a658d8b692b3e42c45539939bac26ff5b71b516cb20fa6d8ff7f6",
                "sha256:f9226824c132d38f2337d2c76e3009acc036f0b05f20e95e82f8195400e1e366",
                "sha256:faba219b270b78e9494cfe3d955d7b45c10799c18ee47ec24b1ada93978d491b"
            ],
            "markers": "python_version >= '3.6'",
            "version": "==2.11.1"
        },
        "six": {
            "hashes": [
                "sha256:1e61c37477a1626458e36f7b1d82aa5c9b094fa4802892072e49de9c60c4c926",
                "sha256:8abb2f1d86890a2dfb989f9a77cfcfd3e47c2a354b01111771326f8aa26e0254"
            ],
            "markers": "python_version >= '2.7' and python_version not in '3.0, 3.1, 3.2'",
            "version": "==1.16.0"
        },
        "toml": {
            "hashes": [
                "sha256:806143ae5bfb6a3c6e736a764057db0e6a0e05e338b5630894a5f779cabb4f9b",
                "sha256:b3bda1d108d5dd99f4a20d24d9c348e91c4db7ab1b749200bded2f839ccbe68f"
            ],
            "markers": "python_version >= '2.6' and python_version not in '3.0, 3.1, 3.2'",
            "version": "==0.10.2"
        },
        "tomli": {
            "hashes": [
                "sha256:939de3e7a6161af0c887ef91b7d41a53e7c5a1ca976325f429cb46ea9bc30ecc",
                "sha256:de526c12914f0c550d15924c62d72abc48d6fe7364aa87328337a31007fe8a4f"
            ],
            "markers": "python_version >= '3.7'",
            "version": "==2.0.1"
        }
    },
    "develop": {}
}
